// !$*UTF8*$!
{
	archiveVersion = 1;
	classes = {
	};
	objectVersion = 55;
	objects = {

/* Begin PBXBuildFile section */
		2B9DEDE92863A4030090BDEF /* libGalaxy64.dylib in Frameworks */ = {isa = PBXBuildFile; fileRef = 2B9DEDE82863A4030090BDEF /* libGalaxy64.dylib */; };
		2B9DEE012863A41F0090BDEF /* DELETED_stdint.h in Headers */ = {isa = PBXBuildFile; fileRef = 2B9DEDEA2863A41F0090BDEF /* DELETED_stdint.h */; };
		2B9DEE022863A41F0090BDEF /* IListenerRegistrar.h in Headers */ = {isa = PBXBuildFile; fileRef = 2B9DEDEB2863A41F0090BDEF /* IListenerRegistrar.h */; };
		2B9DEE032863A41F0090BDEF /* GalaxyGameServerApi.h in Headers */ = {isa = PBXBuildFile; fileRef = 2B9DEDEC2863A41F0090BDEF /* GalaxyGameServerApi.h */; };
		2B9DEE042863A41F0090BDEF /* GalaxyApi.h in Headers */ = {isa = PBXBuildFile; fileRef = 2B9DEDED2863A41F0090BDEF /* GalaxyApi.h */; };
		2B9DEE052863A41F0090BDEF /* GalaxyExceptionHelper.h in Headers */ = {isa = PBXBuildFile; fileRef = 2B9DEDEE2863A41F0090BDEF /* GalaxyExceptionHelper.h */; };
		2B9DEE062863A41F0090BDEF /* ITelemetry.h in Headers */ = {isa = PBXBuildFile; fileRef = 2B9DEDEF2863A41F0090BDEF /* ITelemetry.h */; };
		2B9DEE072863A41F0090BDEF /* IFriends.h in Headers */ = {isa = PBXBuildFile; fileRef = 2B9DEDF02863A41F0090BDEF /* IFriends.h */; };
		2B9DEE082863A41F0090BDEF /* IUser.h in Headers */ = {isa = PBXBuildFile; fileRef = 2B9DEDF12863A41F0090BDEF /* IUser.h */; };
		2B9DEE092863A41F0090BDEF /* INetworking.h in Headers */ = {isa = PBXBuildFile; fileRef = 2B9DEDF22863A41F0090BDEF /* INetworking.h */; };
		2B9DEE0A2863A41F0090BDEF /* InitOptions.h in Headers */ = {isa = PBXBuildFile; fileRef = 2B9DEDF32863A41F0090BDEF /* InitOptions.h */; };
		2B9DEE0B2863A41F0090BDEF /* IStorage.h in Headers */ = {isa = PBXBuildFile; fileRef = 2B9DEDF42863A41F0090BDEF /* IStorage.h */; };
		2B9DEE0C2863A41F0090BDEF /* GalaxyThread.h in Headers */ = {isa = PBXBuildFile; fileRef = 2B9DEDF52863A41F0090BDEF /* GalaxyThread.h */; };
		2B9DEE0D2863A41F0090BDEF /* ILogger.h in Headers */ = {isa = PBXBuildFile; fileRef = 2B9DEDF62863A41F0090BDEF /* ILogger.h */; };
		2B9DEE0E2863A41F0090BDEF /* GalaxyAllocator.h in Headers */ = {isa = PBXBuildFile; fileRef = 2B9DEDF72863A41F0090BDEF /* GalaxyAllocator.h */; };
		2B9DEE0F2863A41F0090BDEF /* IUtils.h in Headers */ = {isa = PBXBuildFile; fileRef = 2B9DEDF82863A41F0090BDEF /* IUtils.h */; };
		2B9DEE102863A41F0090BDEF /* ICustomNetworking.h in Headers */ = {isa = PBXBuildFile; fileRef = 2B9DEDF92863A41F0090BDEF /* ICustomNetworking.h */; };
		2B9DEE112863A41F0090BDEF /* IChat.h in Headers */ = {isa = PBXBuildFile; fileRef = 2B9DEDFA2863A41F0090BDEF /* IChat.h */; };
		2B9DEE122863A41F0090BDEF /* GalaxyID.h in Headers */ = {isa = PBXBuildFile; fileRef = 2B9DEDFB2863A41F0090BDEF /* GalaxyID.h */; };
		2B9DEE132863A41F0090BDEF /* IApps.h in Headers */ = {isa = PBXBuildFile; fileRef = 2B9DEDFC2863A41F0090BDEF /* IApps.h */; };
		2B9DEE142863A41F0090BDEF /* IMatchmaking.h in Headers */ = {isa = PBXBuildFile; fileRef = 2B9DEDFD2863A41F0090BDEF /* IMatchmaking.h */; };
		2B9DEE152863A41F0090BDEF /* IStats.h in Headers */ = {isa = PBXBuildFile; fileRef = 2B9DEDFE2863A41F0090BDEF /* IStats.h */; };
		2B9DEE162863A41F0090BDEF /* GalaxyExport.h in Headers */ = {isa = PBXBuildFile; fileRef = 2B9DEDFF2863A41F0090BDEF /* GalaxyExport.h */; };
		2B9DEE172863A41F0090BDEF /* Errors.h in Headers */ = {isa = PBXBuildFile; fileRef = 2B9DEE002863A41F0090BDEF /* Errors.h */; };
		2B9DEE7B2863A4630090BDEF /* YYGOG_Friends.cpp in Sources */ = {isa = PBXBuildFile; fileRef = 2B9DEE6E2863A4630090BDEF /* YYGOG_Friends.cpp */; };
		2B9DEE7C2863A4630090BDEF /* YYGOG_Storage.cpp in Sources */ = {isa = PBXBuildFile; fileRef = 2B9DEE6F2863A4630090BDEF /* YYGOG_Storage.cpp */; };
		2B9DEE7D2863A4630090BDEF /* YYGOG_Telemetry.cpp in Sources */ = {isa = PBXBuildFile; fileRef = 2B9DEE702863A4630090BDEF /* YYGOG_Telemetry.cpp */; };
		2B9DEE7E2863A4630090BDEF /* YYGOG_Apps.cpp in Sources */ = {isa = PBXBuildFile; fileRef = 2B9DEE712863A4630090BDEF /* YYGOG_Apps.cpp */; };
		2B9DEE7F2863A4630090BDEF /* YYGOG.cpp in Sources */ = {isa = PBXBuildFile; fileRef = 2B9DEE722863A4630090BDEF /* YYGOG.cpp */; };
		2B9DEE802863A4630090BDEF /* YYGOG_User.cpp in Sources */ = {isa = PBXBuildFile; fileRef = 2B9DEE732863A4630090BDEF /* YYGOG_User.cpp */; };
		2B9DEE812863A4630090BDEF /* YYGOG_Networking.cpp in Sources */ = {isa = PBXBuildFile; fileRef = 2B9DEE742863A4630090BDEF /* YYGOG_Networking.cpp */; };
		2B9DEE822863A4630090BDEF /* YYGOG_Logger.cpp in Sources */ = {isa = PBXBuildFile; fileRef = 2B9DEE752863A4630090BDEF /* YYGOG_Logger.cpp */; };
		2B9DEE832863A4630090BDEF /* YYGOG_Stats.cpp in Sources */ = {isa = PBXBuildFile; fileRef = 2B9DEE762863A4630090BDEF /* YYGOG_Stats.cpp */; };
		2B9DEE842863A4630090BDEF /* YYGOG_Utils.cpp in Sources */ = {isa = PBXBuildFile; fileRef = 2B9DEE772863A4630090BDEF /* YYGOG_Utils.cpp */; };
		2B9DEE852863A4630090BDEF /* YYGOG_Chat.cpp in Sources */ = {isa = PBXBuildFile; fileRef = 2B9DEE782863A4630090BDEF /* YYGOG_Chat.cpp */; };
		2B9DEE862863A4630090BDEF /* YYGOG_Matchmaking.cpp in Sources */ = {isa = PBXBuildFile; fileRef = 2B9DEE792863A4630090BDEF /* YYGOG_Matchmaking.cpp */; };
		2B9DEE872863A4630090BDEF /* YYGOG_CustomNetworking.cpp in Sources */ = {isa = PBXBuildFile; fileRef = 2B9DEE7A2863A4630090BDEF /* YYGOG_CustomNetworking.cpp */; };
		2B9DEE8B2863A4970090BDEF /* YYRValue.h in Headers */ = {isa = PBXBuildFile; fileRef = 2B9DEE882863A4970090BDEF /* YYRValue.h */; };
		2B9DEE8C2863A4970090BDEF /* Extension_Interface.h in Headers */ = {isa = PBXBuildFile; fileRef = 2B9DEE892863A4970090BDEF /* Extension_Interface.h */; };
		2B9DEE8D2863A4970090BDEF /* Ref.h in Headers */ = {isa = PBXBuildFile; fileRef = 2B9DEE8A2863A4970090BDEF /* Ref.h */; };
		2B9DEE8F2863BB460090BDEF /* SimpleDesktopExample.cpp in Sources */ = {isa = PBXBuildFile; fileRef = 2B9DEE8E2863BB460090BDEF /* SimpleDesktopExample.cpp */; };
		6AEBD9C0292E870500765F3E /* libGOG.dylib in CopyFiles */ = {isa = PBXBuildFile; fileRef = 2B9DED2E28639F8F0090BDEF /* libGOG.dylib */; settings = {ATTRIBUTES = (CodeSignOnCopy, ); }; };
/* End PBXBuildFile section */

/* Begin PBXCopyFilesBuildPhase section */
		6AEBD9BF292E86F700765F3E /* CopyFiles */ = {
			isa = PBXCopyFilesBuildPhase;
			buildActionMask = 2147483647;
			dstPath = "${PROJECT_DIR}/../GOG_gml/extensions/gog";
			dstSubfolderSpec = 0;
			files = (
				6AEBD9C0292E870500765F3E /* libGOG.dylib in CopyFiles */,
			);
			runOnlyForDeploymentPostprocessing = 0;
		};
/* End PBXCopyFilesBuildPhase section */

/* Begin PBXFileReference section */
		2B9DED2E28639F8F0090BDEF /* libGOG.dylib */ = {isa = PBXFileReference; explicitFileType = "compiled.mach-o.dylib"; includeInIndex = 0; path = libGOG.dylib; sourceTree = BUILT_PRODUCTS_DIR; };
		2B9DEDE82863A4030090BDEF /* libGalaxy64.dylib */ = {isa = PBXFileReference; lastKnownFileType = "compiled.mach-o.dylib"; name = libGalaxy64.dylib; path = ../GOG_sdk/Libraries/libGalaxy64.dylib; sourceTree = SOURCE_ROOT; };
		2B9DEDEA2863A41F0090BDEF /* DELETED_stdint.h */ = {isa = PBXFileReference; fileEncoding = 4; lastKnownFileType = sourcecode.c.h; path = DELETED_stdint.h; sourceTree = "<group>"; };
		2B9DEDEB2863A41F0090BDEF /* IListenerRegistrar.h */ = {isa = PBXFileReference; fileEncoding = 4; lastKnownFileType = sourcecode.c.h; path = IListenerRegistrar.h; sourceTree = "<group>"; };
		2B9DEDEC2863A41F0090BDEF /* GalaxyGameServerApi.h */ = {isa = PBXFileReference; fileEncoding = 4; lastKnownFileType = sourcecode.c.h; path = GalaxyGameServerApi.h; sourceTree = "<group>"; };
		2B9DEDED2863A41F0090BDEF /* GalaxyApi.h */ = {isa = PBXFileReference; fileEncoding = 4; lastKnownFileType = sourcecode.c.h; path = GalaxyApi.h; sourceTree = "<group>"; };
		2B9DEDEE2863A41F0090BDEF /* GalaxyExceptionHelper.h */ = {isa = PBXFileReference; fileEncoding = 4; lastKnownFileType = sourcecode.c.h; path = GalaxyExceptionHelper.h; sourceTree = "<group>"; };
		2B9DEDEF2863A41F0090BDEF /* ITelemetry.h */ = {isa = PBXFileReference; fileEncoding = 4; lastKnownFileType = sourcecode.c.h; path = ITelemetry.h; sourceTree = "<group>"; };
		2B9DEDF02863A41F0090BDEF /* IFriends.h */ = {isa = PBXFileReference; fileEncoding = 4; lastKnownFileType = sourcecode.c.h; path = IFriends.h; sourceTree = "<group>"; };
		2B9DEDF12863A41F0090BDEF /* IUser.h */ = {isa = PBXFileReference; fileEncoding = 4; lastKnownFileType = sourcecode.c.h; path = IUser.h; sourceTree = "<group>"; };
		2B9DEDF22863A41F0090BDEF /* INetworking.h */ = {isa = PBXFileReference; fileEncoding = 4; lastKnownFileType = sourcecode.c.h; path = INetworking.h; sourceTree = "<group>"; };
		2B9DEDF32863A41F0090BDEF /* InitOptions.h */ = {isa = PBXFileReference; fileEncoding = 4; lastKnownFileType = sourcecode.c.h; path = InitOptions.h; sourceTree = "<group>"; };
		2B9DEDF42863A41F0090BDEF /* IStorage.h */ = {isa = PBXFileReference; fileEncoding = 4; lastKnownFileType = sourcecode.c.h; path = IStorage.h; sourceTree = "<group>"; };
		2B9DEDF52863A41F0090BDEF /* GalaxyThread.h */ = {isa = PBXFileReference; fileEncoding = 4; lastKnownFileType = sourcecode.c.h; path = GalaxyThread.h; sourceTree = "<group>"; };
		2B9DEDF62863A41F0090BDEF /* ILogger.h */ = {isa = PBXFileReference; fileEncoding = 4; lastKnownFileType = sourcecode.c.h; path = ILogger.h; sourceTree = "<group>"; };
		2B9DEDF72863A41F0090BDEF /* GalaxyAllocator.h */ = {isa = PBXFileReference; fileEncoding = 4; lastKnownFileType = sourcecode.c.h; path = GalaxyAllocator.h; sourceTree = "<group>"; };
		2B9DEDF82863A41F0090BDEF /* IUtils.h */ = {isa = PBXFileReference; fileEncoding = 4; lastKnownFileType = sourcecode.c.h; path = IUtils.h; sourceTree = "<group>"; };
		2B9DEDF92863A41F0090BDEF /* ICustomNetworking.h */ = {isa = PBXFileReference; fileEncoding = 4; lastKnownFileType = sourcecode.c.h; path = ICustomNetworking.h; sourceTree = "<group>"; };
		2B9DEDFA2863A41F0090BDEF /* IChat.h */ = {isa = PBXFileReference; fileEncoding = 4; lastKnownFileType = sourcecode.c.h; path = IChat.h; sourceTree = "<group>"; };
		2B9DEDFB2863A41F0090BDEF /* GalaxyID.h */ = {isa = PBXFileReference; fileEncoding = 4; lastKnownFileType = sourcecode.c.h; path = GalaxyID.h; sourceTree = "<group>"; };
		2B9DEDFC2863A41F0090BDEF /* IApps.h */ = {isa = PBXFileReference; fileEncoding = 4; lastKnownFileType = sourcecode.c.h; path = IApps.h; sourceTree = "<group>"; };
		2B9DEDFD2863A41F0090BDEF /* IMatchmaking.h */ = {isa = PBXFileReference; fileEncoding = 4; lastKnownFileType = sourcecode.c.h; path = IMatchmaking.h; sourceTree = "<group>"; };
		2B9DEDFE2863A41F0090BDEF /* IStats.h */ = {isa = PBXFileReference; fileEncoding = 4; lastKnownFileType = sourcecode.c.h; path = IStats.h; sourceTree = "<group>"; };
		2B9DEDFF2863A41F0090BDEF /* GalaxyExport.h */ = {isa = PBXFileReference; fileEncoding = 4; lastKnownFileType = sourcecode.c.h; path = GalaxyExport.h; sourceTree = "<group>"; };
		2B9DEE002863A41F0090BDEF /* Errors.h */ = {isa = PBXFileReference; fileEncoding = 4; lastKnownFileType = sourcecode.c.h; path = Errors.h; sourceTree = "<group>"; };
		2B9DEE6E2863A4630090BDEF /* YYGOG_Friends.cpp */ = {isa = PBXFileReference; fileEncoding = 4; lastKnownFileType = sourcecode.cpp.cpp; name = YYGOG_Friends.cpp; path = ../../GOG_vs/GOG/YYGOG_Friends.cpp; sourceTree = "<group>"; };
		2B9DEE6F2863A4630090BDEF /* YYGOG_Storage.cpp */ = {isa = PBXFileReference; fileEncoding = 4; lastKnownFileType = sourcecode.cpp.cpp; name = YYGOG_Storage.cpp; path = ../../GOG_vs/GOG/YYGOG_Storage.cpp; sourceTree = "<group>"; };
		2B9DEE702863A4630090BDEF /* YYGOG_Telemetry.cpp */ = {isa = PBXFileReference; fileEncoding = 4; lastKnownFileType = sourcecode.cpp.cpp; name = YYGOG_Telemetry.cpp; path = ../../GOG_vs/GOG/YYGOG_Telemetry.cpp; sourceTree = "<group>"; };
		2B9DEE712863A4630090BDEF /* YYGOG_Apps.cpp */ = {isa = PBXFileReference; fileEncoding = 4; lastKnownFileType = sourcecode.cpp.cpp; name = YYGOG_Apps.cpp; path = ../../GOG_vs/GOG/YYGOG_Apps.cpp; sourceTree = "<group>"; };
		2B9DEE722863A4630090BDEF /* YYGOG.cpp */ = {isa = PBXFileReference; fileEncoding = 4; lastKnownFileType = sourcecode.cpp.cpp; name = YYGOG.cpp; path = ../../GOG_vs/GOG/YYGOG.cpp; sourceTree = "<group>"; };
		2B9DEE732863A4630090BDEF /* YYGOG_User.cpp */ = {isa = PBXFileReference; fileEncoding = 4; lastKnownFileType = sourcecode.cpp.cpp; name = YYGOG_User.cpp; path = ../../GOG_vs/GOG/YYGOG_User.cpp; sourceTree = "<group>"; };
		2B9DEE742863A4630090BDEF /* YYGOG_Networking.cpp */ = {isa = PBXFileReference; fileEncoding = 4; lastKnownFileType = sourcecode.cpp.cpp; name = YYGOG_Networking.cpp; path = ../../GOG_vs/GOG/YYGOG_Networking.cpp; sourceTree = "<group>"; };
		2B9DEE752863A4630090BDEF /* YYGOG_Logger.cpp */ = {isa = PBXFileReference; fileEncoding = 4; lastKnownFileType = sourcecode.cpp.cpp; name = YYGOG_Logger.cpp; path = ../../GOG_vs/GOG/YYGOG_Logger.cpp; sourceTree = "<group>"; };
		2B9DEE762863A4630090BDEF /* YYGOG_Stats.cpp */ = {isa = PBXFileReference; fileEncoding = 4; lastKnownFileType = sourcecode.cpp.cpp; name = YYGOG_Stats.cpp; path = ../../GOG_vs/GOG/YYGOG_Stats.cpp; sourceTree = "<group>"; };
		2B9DEE772863A4630090BDEF /* YYGOG_Utils.cpp */ = {isa = PBXFileReference; fileEncoding = 4; lastKnownFileType = sourcecode.cpp.cpp; name = YYGOG_Utils.cpp; path = ../../GOG_vs/GOG/YYGOG_Utils.cpp; sourceTree = "<group>"; };
		2B9DEE782863A4630090BDEF /* YYGOG_Chat.cpp */ = {isa = PBXFileReference; fileEncoding = 4; lastKnownFileType = sourcecode.cpp.cpp; name = YYGOG_Chat.cpp; path = ../../GOG_vs/GOG/YYGOG_Chat.cpp; sourceTree = "<group>"; };
		2B9DEE792863A4630090BDEF /* YYGOG_Matchmaking.cpp */ = {isa = PBXFileReference; fileEncoding = 4; lastKnownFileType = sourcecode.cpp.cpp; name = YYGOG_Matchmaking.cpp; path = ../../GOG_vs/GOG/YYGOG_Matchmaking.cpp; sourceTree = "<group>"; };
		2B9DEE7A2863A4630090BDEF /* YYGOG_CustomNetworking.cpp */ = {isa = PBXFileReference; fileEncoding = 4; lastKnownFileType = sourcecode.cpp.cpp; name = YYGOG_CustomNetworking.cpp; path = ../../GOG_vs/GOG/YYGOG_CustomNetworking.cpp; sourceTree = "<group>"; };
		2B9DEE882863A4970090BDEF /* YYRValue.h */ = {isa = PBXFileReference; fileEncoding = 4; lastKnownFileType = sourcecode.c.h; name = YYRValue.h; path = ../GOG_vs/GOG/YYRValue.h; sourceTree = "<group>"; };
		2B9DEE892863A4970090BDEF /* Extension_Interface.h */ = {isa = PBXFileReference; fileEncoding = 4; lastKnownFileType = sourcecode.c.h; name = Extension_Interface.h; path = ../GOG_vs/GOG/Extension_Interface.h; sourceTree = "<group>"; };
		2B9DEE8A2863A4970090BDEF /* Ref.h */ = {isa = PBXFileReference; fileEncoding = 4; lastKnownFileType = sourcecode.c.h; name = Ref.h; path = ../GOG_vs/GOG/Ref.h; sourceTree = "<group>"; };
		2B9DEE8E2863BB460090BDEF /* SimpleDesktopExample.cpp */ = {isa = PBXFileReference; fileEncoding = 4; lastKnownFileType = sourcecode.cpp.cpp; name = SimpleDesktopExample.cpp; path = ../../GOG_vs/GOG/SimpleDesktopExample.cpp; sourceTree = "<group>"; };
/* End PBXFileReference section */

/* Begin PBXFrameworksBuildPhase section */
		2B9DED2C28639F8F0090BDEF /* Frameworks */ = {
			isa = PBXFrameworksBuildPhase;
			buildActionMask = 2147483647;
			files = (
				2B9DEDE92863A4030090BDEF /* libGalaxy64.dylib in Frameworks */,
			);
			runOnlyForDeploymentPostprocessing = 0;
		};
/* End PBXFrameworksBuildPhase section */

/* Begin PBXGroup section */
		2B744CFC292B4CFB00482223 /* GOG */ = {
			isa = PBXGroup;
			children = (
				2B9DEE8E2863BB460090BDEF /* SimpleDesktopExample.cpp */,
				2B9DEE712863A4630090BDEF /* YYGOG_Apps.cpp */,
				2B9DEE782863A4630090BDEF /* YYGOG_Chat.cpp */,
				2B9DEE7A2863A4630090BDEF /* YYGOG_CustomNetworking.cpp */,
				2B9DEE6E2863A4630090BDEF /* YYGOG_Friends.cpp */,
				2B9DEE752863A4630090BDEF /* YYGOG_Logger.cpp */,
				2B9DEE792863A4630090BDEF /* YYGOG_Matchmaking.cpp */,
				2B9DEE742863A4630090BDEF /* YYGOG_Networking.cpp */,
				2B9DEE762863A4630090BDEF /* YYGOG_Stats.cpp */,
				2B9DEE6F2863A4630090BDEF /* YYGOG_Storage.cpp */,
				2B9DEE702863A4630090BDEF /* YYGOG_Telemetry.cpp */,
				2B9DEE732863A4630090BDEF /* YYGOG_User.cpp */,
				2B9DEE772863A4630090BDEF /* YYGOG_Utils.cpp */,
				2B9DEE722863A4630090BDEF /* YYGOG.cpp */,
			);
			name = GOG;
			path = ../GOG_vs/GOG;
			sourceTree = SOURCE_ROOT;
		};
		2B744CFD292B4D2300482223 /* galaxy */ = {
			isa = PBXGroup;
			children = (
				2B9DEDEA2863A41F0090BDEF /* DELETED_stdint.h */,
				2B9DEE002863A41F0090BDEF /* Errors.h */,
				2B9DEDF72863A41F0090BDEF /* GalaxyAllocator.h */,
				2B9DEDED2863A41F0090BDEF /* GalaxyApi.h */,
				2B9DEDEE2863A41F0090BDEF /* GalaxyExceptionHelper.h */,
				2B9DEDFF2863A41F0090BDEF /* GalaxyExport.h */,
				2B9DEDEC2863A41F0090BDEF /* GalaxyGameServerApi.h */,
				2B9DEDFB2863A41F0090BDEF /* GalaxyID.h */,
				2B9DEDF52863A41F0090BDEF /* GalaxyThread.h */,
				2B9DEDFC2863A41F0090BDEF /* IApps.h */,
				2B9DEDFA2863A41F0090BDEF /* IChat.h */,
				2B9DEDF92863A41F0090BDEF /* ICustomNetworking.h */,
				2B9DEDF02863A41F0090BDEF /* IFriends.h */,
				2B9DEDEB2863A41F0090BDEF /* IListenerRegistrar.h */,
				2B9DEDF62863A41F0090BDEF /* ILogger.h */,
				2B9DEDFD2863A41F0090BDEF /* IMatchmaking.h */,
				2B9DEDF22863A41F0090BDEF /* INetworking.h */,
				2B9DEDF32863A41F0090BDEF /* InitOptions.h */,
				2B9DEDFE2863A41F0090BDEF /* IStats.h */,
				2B9DEDF42863A41F0090BDEF /* IStorage.h */,
				2B9DEDEF2863A41F0090BDEF /* ITelemetry.h */,
				2B9DEDF12863A41F0090BDEF /* IUser.h */,
				2B9DEDF82863A41F0090BDEF /* IUtils.h */,
			);
			name = galaxy;
			path = ../GOG_sdk/Include/galaxy;
			sourceTree = SOURCE_ROOT;
		};
		2B9DED2528639F8F0090BDEF = {
			isa = PBXGroup;
			children = (
				2B744CFD292B4D2300482223 /* galaxy */,
				2B744CFC292B4CFB00482223 /* GOG */,
				2B9DEDE82863A4030090BDEF /* libGalaxy64.dylib */,
				2B9DEE892863A4970090BDEF /* Extension_Interface.h */,
				2B9DEE8A2863A4970090BDEF /* Ref.h */,
				2B9DEE882863A4970090BDEF /* YYRValue.h */,
				2B9DED2F28639F8F0090BDEF /* Products */,
			);
			sourceTree = "<group>";
		};
		2B9DED2F28639F8F0090BDEF /* Products */ = {
			isa = PBXGroup;
			children = (
				2B9DED2E28639F8F0090BDEF /* libGOG.dylib */,
			);
			name = Products;
			sourceTree = "<group>";
		};
/* End PBXGroup section */

/* Begin PBXHeadersBuildPhase section */
		2B9DED2A28639F8F0090BDEF /* Headers */ = {
			isa = PBXHeadersBuildPhase;
			buildActionMask = 2147483647;
			files = (
				2B9DEE0B2863A41F0090BDEF /* IStorage.h in Headers */,
				2B9DEE122863A41F0090BDEF /* GalaxyID.h in Headers */,
				2B9DEE112863A41F0090BDEF /* IChat.h in Headers */,
				2B9DEE022863A41F0090BDEF /* IListenerRegistrar.h in Headers */,
				2B9DEE0C2863A41F0090BDEF /* GalaxyThread.h in Headers */,
				2B9DEE152863A41F0090BDEF /* IStats.h in Headers */,
				2B9DEE142863A41F0090BDEF /* IMatchmaking.h in Headers */,
				2B9DEE042863A41F0090BDEF /* GalaxyApi.h in Headers */,
				2B9DEE162863A41F0090BDEF /* GalaxyExport.h in Headers */,
				2B9DEE8C2863A4970090BDEF /* Extension_Interface.h in Headers */,
				2B9DEE092863A41F0090BDEF /* INetworking.h in Headers */,
				2B9DEE102863A41F0090BDEF /* ICustomNetworking.h in Headers */,
				2B9DEE8B2863A4970090BDEF /* YYRValue.h in Headers */,
				2B9DEE0D2863A41F0090BDEF /* ILogger.h in Headers */,
				2B9DEE8D2863A4970090BDEF /* Ref.h in Headers */,
				2B9DEE032863A41F0090BDEF /* GalaxyGameServerApi.h in Headers */,
				2B9DEE052863A41F0090BDEF /* GalaxyExceptionHelper.h in Headers */,
				2B9DEE0E2863A41F0090BDEF /* GalaxyAllocator.h in Headers */,
				2B9DEE0F2863A41F0090BDEF /* IUtils.h in Headers */,
				2B9DEE132863A41F0090BDEF /* IApps.h in Headers */,
				2B9DEE062863A41F0090BDEF /* ITelemetry.h in Headers */,
				2B9DEE082863A41F0090BDEF /* IUser.h in Headers */,
				2B9DEE0A2863A41F0090BDEF /* InitOptions.h in Headers */,
				2B9DEE072863A41F0090BDEF /* IFriends.h in Headers */,
				2B9DEE012863A41F0090BDEF /* DELETED_stdint.h in Headers */,
				2B9DEE172863A41F0090BDEF /* Errors.h in Headers */,
			);
			runOnlyForDeploymentPostprocessing = 0;
		};
/* End PBXHeadersBuildPhase section */

/* Begin PBXNativeTarget section */
		2B9DED2D28639F8F0090BDEF /* GOG */ = {
			isa = PBXNativeTarget;
			buildConfigurationList = 2B9DED3928639F8F0090BDEF /* Build configuration list for PBXNativeTarget "GOG" */;
			buildPhases = (
				2B9DED2A28639F8F0090BDEF /* Headers */,
				2B9DED2B28639F8F0090BDEF /* Sources */,
				2B9DED2C28639F8F0090BDEF /* Frameworks */,
				6AEBD9BF292E86F700765F3E /* CopyFiles */,
			);
			buildRules = (
			);
			dependencies = (
			);
			name = GOG;
			productName = GOG;
			productReference = 2B9DED2E28639F8F0090BDEF /* libGOG.dylib */;
			productType = "com.apple.product-type.library.dynamic";
		};
/* End PBXNativeTarget section */

/* Begin PBXProject section */
		2B9DED2628639F8F0090BDEF /* Project object */ = {
			isa = PBXProject;
			attributes = {
				BuildIndependentTargetsInParallel = 1;
				LastUpgradeCheck = 1340;
				TargetAttributes = {
					2B9DED2D28639F8F0090BDEF = {
						CreatedOnToolsVersion = 13.4;
					};
				};
			};
			buildConfigurationList = 2B9DED2928639F8F0090BDEF /* Build configuration list for PBXProject "GOG" */;
			compatibilityVersion = "Xcode 13.0";
			developmentRegion = en;
			hasScannedForEncodings = 0;
			knownRegions = (
				en,
				Base,
			);
			mainGroup = 2B9DED2528639F8F0090BDEF;
			productRefGroup = 2B9DED2F28639F8F0090BDEF /* Products */;
			projectDirPath = "";
			projectRoot = "";
			targets = (
				2B9DED2D28639F8F0090BDEF /* GOG */,
			);
		};
/* End PBXProject section */

/* Begin PBXSourcesBuildPhase section */
		2B9DED2B28639F8F0090BDEF /* Sources */ = {
			isa = PBXSourcesBuildPhase;
			buildActionMask = 2147483647;
			files = (
				2B9DEE802863A4630090BDEF /* YYGOG_User.cpp in Sources */,
				2B9DEE872863A4630090BDEF /* YYGOG_CustomNetworking.cpp in Sources */,
				2B9DEE7E2863A4630090BDEF /* YYGOG_Apps.cpp in Sources */,
				2B9DEE852863A4630090BDEF /* YYGOG_Chat.cpp in Sources */,
				2B9DEE7B2863A4630090BDEF /* YYGOG_Friends.cpp in Sources */,
				2B9DEE7F2863A4630090BDEF /* YYGOG.cpp in Sources */,
				2B9DEE8F2863BB460090BDEF /* SimpleDesktopExample.cpp in Sources */,
				2B9DEE7C2863A4630090BDEF /* YYGOG_Storage.cpp in Sources */,
				2B9DEE822863A4630090BDEF /* YYGOG_Logger.cpp in Sources */,
				2B9DEE842863A4630090BDEF /* YYGOG_Utils.cpp in Sources */,
				2B9DEE7D2863A4630090BDEF /* YYGOG_Telemetry.cpp in Sources */,
				2B9DEE812863A4630090BDEF /* YYGOG_Networking.cpp in Sources */,
				2B9DEE832863A4630090BDEF /* YYGOG_Stats.cpp in Sources */,
				2B9DEE862863A4630090BDEF /* YYGOG_Matchmaking.cpp in Sources */,
			);
			runOnlyForDeploymentPostprocessing = 0;
		};
/* End PBXSourcesBuildPhase section */

/* Begin XCBuildConfiguration section */
		2B9DED3728639F8F0090BDEF /* Debug */ = {
			isa = XCBuildConfiguration;
			buildSettings = {
				ALWAYS_SEARCH_USER_PATHS = NO;
				CLANG_ANALYZER_NONNULL = YES;
				CLANG_ANALYZER_NUMBER_OBJECT_CONVERSION = YES_AGGRESSIVE;
				CLANG_CXX_LANGUAGE_STANDARD = "gnu++17";
				CLANG_ENABLE_MODULES = YES;
				CLANG_ENABLE_OBJC_ARC = YES;
				CLANG_ENABLE_OBJC_WEAK = YES;
				CLANG_WARN_BLOCK_CAPTURE_AUTORELEASING = YES;
				CLANG_WARN_BOOL_CONVERSION = YES;
				CLANG_WARN_COMMA = YES;
				CLANG_WARN_CONSTANT_CONVERSION = YES;
				CLANG_WARN_DEPRECATED_OBJC_IMPLEMENTATIONS = YES;
				CLANG_WARN_DIRECT_OBJC_ISA_USAGE = YES_ERROR;
				CLANG_WARN_DOCUMENTATION_COMMENTS = YES;
				CLANG_WARN_EMPTY_BODY = YES;
				CLANG_WARN_ENUM_CONVERSION = YES;
				CLANG_WARN_INFINITE_RECURSION = YES;
				CLANG_WARN_INT_CONVERSION = YES;
				CLANG_WARN_NON_LITERAL_NULL_CONVERSION = YES;
				CLANG_WARN_OBJC_IMPLICIT_RETAIN_SELF = YES;
				CLANG_WARN_OBJC_LITERAL_CONVERSION = YES;
				CLANG_WARN_OBJC_ROOT_CLASS = YES_ERROR;
				CLANG_WARN_QUOTED_INCLUDE_IN_FRAMEWORK_HEADER = YES;
				CLANG_WARN_RANGE_LOOP_ANALYSIS = YES;
				CLANG_WARN_STRICT_PROTOTYPES = YES;
				CLANG_WARN_SUSPICIOUS_MOVE = YES;
				CLANG_WARN_UNGUARDED_AVAILABILITY = YES_AGGRESSIVE;
				CLANG_WARN_UNREACHABLE_CODE = YES;
				CLANG_WARN__DUPLICATE_METHOD_MATCH = YES;
				COPY_PHASE_STRIP = NO;
				DEBUG_INFORMATION_FORMAT = dwarf;
				ENABLE_STRICT_OBJC_MSGSEND = YES;
				ENABLE_TESTABILITY = YES;
				GCC_C_LANGUAGE_STANDARD = gnu11;
				GCC_DYNAMIC_NO_PIC = NO;
				GCC_NO_COMMON_BLOCKS = YES;
				GCC_OPTIMIZATION_LEVEL = 0;
				GCC_PREPROCESSOR_DEFINITIONS = (
					"DEBUG=1",
					"$(inherited)",
				);
				GCC_WARN_64_TO_32_BIT_CONVERSION = YES;
				GCC_WARN_ABOUT_RETURN_TYPE = YES_ERROR;
				GCC_WARN_UNDECLARED_SELECTOR = YES;
				GCC_WARN_UNINITIALIZED_AUTOS = YES_AGGRESSIVE;
				GCC_WARN_UNUSED_FUNCTION = YES;
				GCC_WARN_UNUSED_VARIABLE = YES;
				MACOSX_DEPLOYMENT_TARGET = 12.3;
				MTL_ENABLE_DEBUG_INFO = INCLUDE_SOURCE;
				MTL_FAST_MATH = YES;
				ONLY_ACTIVE_ARCH = NO;
				SDKROOT = macosx;
			};
			name = Debug;
		};
		2B9DED3828639F8F0090BDEF /* Release */ = {
			isa = XCBuildConfiguration;
			buildSettings = {
				ALWAYS_SEARCH_USER_PATHS = NO;
				CLANG_ANALYZER_NONNULL = YES;
				CLANG_ANALYZER_NUMBER_OBJECT_CONVERSION = YES_AGGRESSIVE;
				CLANG_CXX_LANGUAGE_STANDARD = "gnu++17";
				CLANG_ENABLE_MODULES = YES;
				CLANG_ENABLE_OBJC_ARC = YES;
				CLANG_ENABLE_OBJC_WEAK = YES;
				CLANG_WARN_BLOCK_CAPTURE_AUTORELEASING = YES;
				CLANG_WARN_BOOL_CONVERSION = YES;
				CLANG_WARN_COMMA = YES;
				CLANG_WARN_CONSTANT_CONVERSION = YES;
				CLANG_WARN_DEPRECATED_OBJC_IMPLEMENTATIONS = YES;
				CLANG_WARN_DIRECT_OBJC_ISA_USAGE = YES_ERROR;
				CLANG_WARN_DOCUMENTATION_COMMENTS = YES;
				CLANG_WARN_EMPTY_BODY = YES;
				CLANG_WARN_ENUM_CONVERSION = YES;
				CLANG_WARN_INFINITE_RECURSION = YES;
				CLANG_WARN_INT_CONVERSION = YES;
				CLANG_WARN_NON_LITERAL_NULL_CONVERSION = YES;
				CLANG_WARN_OBJC_IMPLICIT_RETAIN_SELF = YES;
				CLANG_WARN_OBJC_LITERAL_CONVERSION = YES;
				CLANG_WARN_OBJC_ROOT_CLASS = YES_ERROR;
				CLANG_WARN_QUOTED_INCLUDE_IN_FRAMEWORK_HEADER = YES;
				CLANG_WARN_RANGE_LOOP_ANALYSIS = YES;
				CLANG_WARN_STRICT_PROTOTYPES = YES;
				CLANG_WARN_SUSPICIOUS_MOVE = YES;
				CLANG_WARN_UNGUARDED_AVAILABILITY = YES_AGGRESSIVE;
				CLANG_WARN_UNREACHABLE_CODE = YES;
				CLANG_WARN__DUPLICATE_METHOD_MATCH = YES;
				COPY_PHASE_STRIP = NO;
				DEBUG_INFORMATION_FORMAT = "dwarf-with-dsym";
				ENABLE_NS_ASSERTIONS = NO;
				ENABLE_STRICT_OBJC_MSGSEND = YES;
				GCC_C_LANGUAGE_STANDARD = gnu11;
				GCC_NO_COMMON_BLOCKS = YES;
				GCC_WARN_64_TO_32_BIT_CONVERSION = YES;
				GCC_WARN_ABOUT_RETURN_TYPE = YES_ERROR;
				GCC_WARN_UNDECLARED_SELECTOR = YES;
				GCC_WARN_UNINITIALIZED_AUTOS = YES_AGGRESSIVE;
				GCC_WARN_UNUSED_FUNCTION = YES;
				GCC_WARN_UNUSED_VARIABLE = YES;
				MACOSX_DEPLOYMENT_TARGET = 12.3;
				MTL_ENABLE_DEBUG_INFO = NO;
				MTL_FAST_MATH = YES;
				SDKROOT = macosx;
			};
			name = Release;
		};
		2B9DED3A28639F8F0090BDEF /* Debug */ = {
			isa = XCBuildConfiguration;
			buildSettings = {
				CODE_SIGN_IDENTITY = "Apple Development";
				CODE_SIGN_STYLE = Automatic;
				DEVELOPMENT_TEAM = C9E7J7HL3D;
				DYLIB_COMPATIBILITY_VERSION = 1;
				DYLIB_CURRENT_VERSION = 1;
				EXCLUDED_ARCHS = "";
				EXECUTABLE_PREFIX = lib;
				GCC_ENABLE_CPP_EXCEPTIONS = YES;
				GCC_ENABLE_CPP_RTTI = YES;
				GCC_SYMBOLS_PRIVATE_EXTERN = YES;
				LIBRARY_SEARCH_PATHS = ../GOG_sdk/Libraries/;
				ONLY_ACTIVE_ARCH = NO;
				PRODUCT_NAME = "$(TARGET_NAME)";
				SKIP_INSTALL = YES;
			};
			name = Debug;
		};
		2B9DED3B28639F8F0090BDEF /* Release */ = {
			isa = XCBuildConfiguration;
			buildSettings = {
				CODE_SIGN_IDENTITY = "Apple Development";
				CODE_SIGN_STYLE = Automatic;
				DEVELOPMENT_TEAM = C9E7J7HL3D;
				DYLIB_COMPATIBILITY_VERSION = 1;
				DYLIB_CURRENT_VERSION = 1;
				EXCLUDED_ARCHS = "";
				EXECUTABLE_PREFIX = lib;
				GCC_ENABLE_CPP_EXCEPTIONS = YES;
				GCC_ENABLE_CPP_RTTI = YES;
				GCC_SYMBOLS_PRIVATE_EXTERN = YES;
				LIBRARY_SEARCH_PATHS = ../GOG_sdk/Libraries/;
				PRODUCT_NAME = "$(TARGET_NAME)";
				SKIP_INSTALL = YES;
			};
			name = Release;
		};
/* End XCBuildConfiguration section */

/* Begin XCConfigurationList section */
		2B9DED2928639F8F0090BDEF /* Build configuration list for PBXProject "GOG" */ = {
			isa = XCConfigurationList;
			buildConfigurations = (
				2B9DED3728639F8F0090BDEF /* Debug */,
				2B9DED3828639F8F0090BDEF /* Release */,
			);
			defaultConfigurationIsVisible = 0;
			defaultConfigurationName = Release;
		};
		2B9DED3928639F8F0090BDEF /* Build configuration list for PBXNativeTarget "GOG" */ = {
			isa = XCConfigurationList;
			buildConfigurations = (
				2B9DED3A28639F8F0090BDEF /* Debug */,
				2B9DED3B28639F8F0090BDEF /* Release */,
			);
			defaultConfigurationIsVisible = 0;
			defaultConfigurationName = Release;
		};
/* End XCConfigurationList section */
	};
	rootObject = 2B9DED2628639F8F0090BDEF /* Project object */;
}
